
Microsoft Visual Studio Solution File, Format Version 12.00
# Visual Studio Version 16
VisualStudioVersion = 16.0.29102.190
MinimumVisualStudioVersion = 10.0.40219.1
Project("{F184B08F-C81C-45F6-A57F-5ABD9991F28F}") = "VBTestCallFunc", "VBTestCallFunc\VBTestCallFunc.vbproj", "{8445AE95-D9CB-466C-9F28-024794044599}"
EndProject
Project("{F184B08F-C81C-45F6-A57F-5ABD9991F28F}") = "CVTestCallFunc", "TestCallFunc\CVTestCallFunc.vbproj", "{7136FAC9-0CEF-44F6-9DA6-AA4244FC2BF4}"
EndProject
Global
	GlobalSection(SolutionConfigurationPlatforms) = preSolution
		Debug|Any CPU = Debug|Any CPU
		Release|Any CPU = Release|Any CPU
	EndGlobalSection
	GlobalSection(ProjectConfigurationPlatforms) = postSolution
		{8445AE95-D9CB-466C-9F28-024794044599}.Debug|Any CPU.ActiveCfg = Debug|Any CPU
		{8445AE95-D9CB-466C-9F28-024794044599}.Debug|Any CPU.Build.0 = Debug|Any CPU
		{8445AE95-D9CB-466C-9F28-024794044599}.Release|Any CPU.ActiveCfg = Release|Any CPU
		{8445AE95-D9CB-466C-9F28-024794044599}.Release|Any CPU.Build.0 = Release|Any CPU
		{7136FAC9-0CEF-44F6-9DA6-AA4244FC2BF4}.Debug|Any CPU.ActiveCfg = Debug|Any CPU
		{7136FAC9-0CEF-44F6-9DA6-AA4244FC2BF4}.Debug|Any CPU.Build.0 = Debug|Any CPU
		{7136FAC9-0CEF-44F6-9DA6-AA4244FC2BF4}.Release|Any CPU.ActiveCfg = Release|Any CPU
		{7136FAC9-0CEF-44F6-9DA6-AA4244FC2BF4}.Release|Any CPU.Build.0 = Release|Any CPU
	EndGlobalSection
	GlobalSection(SolutionProperties) = preSolution
		HideSolutionNode = FALSE
	EndGlobalSection
	GlobalSection(ExtensibilityGlobals) = postSolution
		SolutionGuid = {D3AC3282-9DDB-4AB1-AC3A-6FB234151F4B}
	EndGlobalSection
EndGlobal
