
Microsoft Visual Studio Solution File, Format Version 12.00
# Visual Studio 15
VisualStudioVersion = 15.0.28307.421
MinimumVisualStudioVersion = 10.0.40219.1
Project("{F184B08F-C81C-45F6-A57F-5ABD9991F28F}") = "TestStackName", "TestStackName\TestStackName.vbproj", "{C371CDD6-954A-44DC-ABB5-F5BF72DFF54C}"
EndProject
Global
	GlobalSection(SolutionConfigurationPlatforms) = preSolution
		Debug|Any CPU = Debug|Any CPU
		Release|Any CPU = Release|Any CPU
	EndGlobalSection
	GlobalSection(ProjectConfigurationPlatforms) = postSolution
		{C371CDD6-954A-44DC-ABB5-F5BF72DFF54C}.Debug|Any CPU.ActiveCfg = Debug|Any CPU
		{C371CDD6-954A-44DC-ABB5-F5BF72DFF54C}.Debug|Any CPU.Build.0 = Debug|Any CPU
		{C371CDD6-954A-44DC-ABB5-F5BF72DFF54C}.Release|Any CPU.ActiveCfg = Release|Any CPU
		{C371CDD6-954A-44DC-ABB5-F5BF72DFF54C}.Release|Any CPU.Build.0 = Release|Any CPU
	EndGlobalSection
	GlobalSection(SolutionProperties) = preSolution
		HideSolutionNode = FALSE
	EndGlobalSection
	GlobalSection(ExtensibilityGlobals) = postSolution
		SolutionGuid = {F0E47BCE-98BC-4695-B4D8-A9F2C94AB321}
	EndGlobalSection
EndGlobal
