
Microsoft Visual Studio Solution File, Format Version 12.00
# Visual Studio 15
VisualStudioVersion = 15.0.28307.421
MinimumVisualStudioVersion = 10.0.40219.1
Project("{F184B08F-C81C-45F6-A57F-5ABD9991F28F}") = "ExcelClosedTest", "ExcelClosedTest\ExcelClosedTest.vbproj", "{E8EDD11E-381B-475D-A086-FE327F62E692}"
EndProject
Global
	GlobalSection(SolutionConfigurationPlatforms) = preSolution
		Debug|Any CPU = Debug|Any CPU
		Release|Any CPU = Release|Any CPU
	EndGlobalSection
	GlobalSection(ProjectConfigurationPlatforms) = postSolution
		{E8EDD11E-381B-475D-A086-FE327F62E692}.Debug|Any CPU.ActiveCfg = Debug|Any CPU
		{E8EDD11E-381B-475D-A086-FE327F62E692}.Debug|Any CPU.Build.0 = Debug|Any CPU
		{E8EDD11E-381B-475D-A086-FE327F62E692}.Release|Any CPU.ActiveCfg = Release|Any CPU
		{E8EDD11E-381B-475D-A086-FE327F62E692}.Release|Any CPU.Build.0 = Release|Any CPU
	EndGlobalSection
	GlobalSection(SolutionProperties) = preSolution
		HideSolutionNode = FALSE
	EndGlobalSection
	GlobalSection(ExtensibilityGlobals) = postSolution
		SolutionGuid = {E1BA6505-FF40-402F-BD95-B197E7DE2DFD}
	EndGlobalSection
EndGlobal
